
Microsoft Visual Studio Solution File, Format Version 12.00
# Visual Studio 2013
VisualStudioVersion = 12.0.21005.1
MinimumVisualStudioVersion = 10.0.40219.1
Project("{FAE04EC0-301F-11D3-BF4B-00C04F79EFBC}") = "CSGProHackathonAPI", "CSGProHackathonAPI\CSGProHackathonAPI.csproj", "{554554C3-A611-40DF-A535-7413FD299041}"
EndProject
Project("{FAE04EC0-301F-11D3-BF4B-00C04F79EFBC}") = "CSGProHackathonAPI.Tests", "CSGProHackathonAPI.Tests\CSGProHackathonAPI.Tests.csproj", "{235D34D5-E65F-43D3-BECC-C4D3087D76DD}"
EndProject
Project("{FAE04EC0-301F-11D3-BF4B-00C04F79EFBC}") = "CSGProHackathonAPI.Shared", "CSGProHackathonAPI.Shared\CSGProHackathonAPI.Shared.csproj", "{A3567BF8-DF9D-4415-9471-443C5A54B977}"
EndProject
Global
	GlobalSection(SolutionConfigurationPlatforms) = preSolution
		Debug|Any CPU = Debug|Any CPU
		Release|Any CPU = Release|Any CPU
	EndGlobalSection
	GlobalSection(ProjectConfigurationPlatforms) = postSolution
		{554554C3-A611-40DF-A535-7413FD299041}.Debug|Any CPU.ActiveCfg = Debug|Any CPU
		{554554C3-A611-40DF-A535-7413FD299041}.Debug|Any CPU.Build.0 = Debug|Any CPU
		{554554C3-A611-40DF-A535-7413FD299041}.Release|Any CPU.ActiveCfg = Release|Any CPU
		{554554C3-A611-40DF-A535-7413FD299041}.Release|Any CPU.Build.0 = Release|Any CPU
		{235D34D5-E65F-43D3-BECC-C4D3087D76DD}.Debug|Any CPU.ActiveCfg = Debug|Any CPU
		{235D34D5-E65F-43D3-BECC-C4D3087D76DD}.Debug|Any CPU.Build.0 = Debug|Any CPU
		{235D34D5-E65F-43D3-BECC-C4D3087D76DD}.Release|Any CPU.ActiveCfg = Release|Any CPU
		{235D34D5-E65F-43D3-BECC-C4D3087D76DD}.Release|Any CPU.Build.0 = Release|Any CPU
		{A3567BF8-DF9D-4415-9471-443C5A54B977}.Debug|Any CPU.ActiveCfg = Debug|Any CPU
		{A3567BF8-DF9D-4415-9471-443C5A54B977}.Debug|Any CPU.Build.0 = Debug|Any CPU
		{A3567BF8-DF9D-4415-9471-443C5A54B977}.Release|Any CPU.ActiveCfg = Release|Any CPU
		{A3567BF8-DF9D-4415-9471-443C5A54B977}.Release|Any CPU.Build.0 = Release|Any CPU
	EndGlobalSection
	GlobalSection(SolutionProperties) = preSolution
		HideSolutionNode = FALSE
	EndGlobalSection
EndGlobal
